
Microsoft Visual Studio Solution File, Format Version 12.00
# Visual Studio Version 17
VisualStudioVersion = 17.5.33516.290
MinimumVisualStudioVersion = 10.0.40219.1
Project("{9A19103F-16F7-4668-BE54-9A1E7A4F7556}") = "TournamentCalendar.WebApp", "TournamentCalendar.WebApp\TournamentCalendar.WebApp.csproj", "{398DED4A-1A57-4693-8660-16A6AC527726}"
EndProject
Project("{FAE04EC0-301F-11D3-BF4B-00C04F79EFBC}") = "TournamentCalendar.DAL", "TournamentCalendar.DAL\TournamentCalendar.DAL.csproj", "{48FCD6A6-DCA1-4295-B507-69DEBC8EA22C}"
EndProject
Project("{FAE04EC0-301F-11D3-BF4B-00C04F79EFBC}") = "TournamentCalendar.DAL.Tests", "TournamentCalendar.DAL.Tests\TournamentCalendar.DAL.Tests.csproj", "{8E323570-1D8A-405A-A291-04573DB84EE5}"
EndProject
Project("{FAE04EC0-301F-11D3-BF4B-00C04F79EFBC}") = "TournamentCalendar.Services", "TournamentCalendar.Services\TournamentCalendar.Services.csproj", "{B3EE9D2D-23EF-46AB-99F4-AE862818927E}"
EndProject
Global
	GlobalSection(SolutionConfigurationPlatforms) = preSolution
		Debug|Any CPU = Debug|Any CPU
		Release|Any CPU = Release|Any CPU
	EndGlobalSection
	GlobalSection(ProjectConfigurationPlatforms) = postSolution
		{398DED4A-1A57-4693-8660-16A6AC527726}.Debug|Any CPU.ActiveCfg = Debug|Any CPU
		{398DED4A-1A57-4693-8660-16A6AC527726}.Debug|Any CPU.Build.0 = Debug|Any CPU
		{398DED4A-1A57-4693-8660-16A6AC527726}.Release|Any CPU.ActiveCfg = Release|Any CPU
		{398DED4A-1A57-4693-8660-16A6AC527726}.Release|Any CPU.Build.0 = Release|Any CPU
		{48FCD6A6-DCA1-4295-B507-69DEBC8EA22C}.Debug|Any CPU.ActiveCfg = Debug|Any CPU
		{48FCD6A6-DCA1-4295-B507-69DEBC8EA22C}.Debug|Any CPU.Build.0 = Debug|Any CPU
		{48FCD6A6-DCA1-4295-B507-69DEBC8EA22C}.Release|Any CPU.ActiveCfg = Release|Any CPU
		{48FCD6A6-DCA1-4295-B507-69DEBC8EA22C}.Release|Any CPU.Build.0 = Release|Any CPU
		{8E323570-1D8A-405A-A291-04573DB84EE5}.Debug|Any CPU.ActiveCfg = Debug|Any CPU
		{8E323570-1D8A-405A-A291-04573DB84EE5}.Debug|Any CPU.Build.0 = Debug|Any CPU
		{8E323570-1D8A-405A-A291-04573DB84EE5}.Release|Any CPU.ActiveCfg = Release|Any CPU
		{8E323570-1D8A-405A-A291-04573DB84EE5}.Release|Any CPU.Build.0 = Release|Any CPU
		{B3EE9D2D-23EF-46AB-99F4-AE862818927E}.Debug|Any CPU.ActiveCfg = Debug|Any CPU
		{B3EE9D2D-23EF-46AB-99F4-AE862818927E}.Debug|Any CPU.Build.0 = Debug|Any CPU
		{B3EE9D2D-23EF-46AB-99F4-AE862818927E}.Release|Any CPU.ActiveCfg = Release|Any CPU
		{B3EE9D2D-23EF-46AB-99F4-AE862818927E}.Release|Any CPU.Build.0 = Release|Any CPU
	EndGlobalSection
	GlobalSection(SolutionProperties) = preSolution
		HideSolutionNode = FALSE
	EndGlobalSection
	GlobalSection(ExtensibilityGlobals) = postSolution
		SolutionGuid = {6E57043A-27F3-45CF-820E-B9EC43880FFD}
	EndGlobalSection
EndGlobal
